// !$*UTF8*$!
{
	archiveVersion = 1;
	classes = {
	};
	objectVersion = 46;
	objects = {

/* Begin PBXBuildFile section */
		263D0C4C1784D31B00DF385D /* UIKit.framework in Frameworks */ = {isa = PBXBuildFile; fileRef = 263D0C4B1784D31B00DF385D /* UIKit.framework */; };
		263D0C4E1784D31B00DF385D /* Foundation.framework in Frameworks */ = {isa = PBXBuildFile; fileRef = 263D0C4D1784D31B00DF385D /* Foundation.framework */; };
		263D0C501784D31B00DF385D /* CoreGraphics.framework in Frameworks */ = {isa = PBXBuildFile; fileRef = 263D0C4F1784D31B00DF385D /* CoreGraphics.framework */; };
		263D0C561784D31B00DF385D /* InfoPlist.strings in Resources */ = {isa = PBXBuildFile; fileRef = 263D0C541784D31B00DF385D /* InfoPlist.strings */; };
		263D0C581784D31B00DF385D /* main.m in Sources */ = {isa = PBXBuildFile; fileRef = 263D0C571784D31B00DF385D /* main.m */; };
		263D0C5C1784D31B00DF385D /* ChecklistsAppDelegate.m in Sources */ = {isa = PBXBuildFile; fileRef = 263D0C5B1784D31B00DF385D /* ChecklistsAppDelegate.m */; };
		263D0C5E1784D31B00DF385D /* Default.png in Resources */ = {isa = PBXBuildFile; fileRef = 263D0C5D1784D31B00DF385D /* Default.png */; };
		263D0C601784D31B00DF385D /* Default@2x.png in Resources */ = {isa = PBXBuildFile; fileRef = 263D0C5F1784D31B00DF385D /* Default@2x.png */; };
		263D0C621784D31B00DF385D /* Default-568h@2x.png in Resources */ = {isa = PBXBuildFile; fileRef = 263D0C611784D31B00DF385D /* Default-568h@2x.png */; };
		263D0C651784D31B00DF385D /* MainStoryboard.storyboard in Resources */ = {isa = PBXBuildFile; fileRef = 263D0C631784D31B00DF385D /* MainStoryboard.storyboard */; };
		263D0C681784D31B00DF385D /* ChecklistsViewController.m in Sources */ = {isa = PBXBuildFile; fileRef = 263D0C671784D31B00DF385D /* ChecklistsViewController.m */; };
		263D0C701784F2BA00DF385D /* ChecklistItem.m in Sources */ = {isa = PBXBuildFile; fileRef = 263D0C6F1784F2BA00DF385D /* ChecklistItem.m */; };
		263D0C731785FA9900DF385D /* AddItemViewController.m in Sources */ = {isa = PBXBuildFile; fileRef = 263D0C721785FA9800DF385D /* AddItemViewController.m */; };
/* End PBXBuildFile section */

/* Begin PBXFileReference section */
		263D0C481784D31B00DF385D /* Checklists.app */ = {isa = PBXFileReference; explicitFileType = wrapper.application; includeInIndex = 0; path = Checklists.app; sourceTree = BUILT_PRODUCTS_DIR; };
		263D0C4B1784D31B00DF385D /* UIKit.framework */ = {isa = PBXFileReference; lastKnownFileType = wrapper.framework; name = UIKit.framework; path = System/Library/Frameworks/UIKit.framework; sourceTree = SDKROOT; };
		263D0C4D1784D31B00DF385D /* Foundation.framework */ = {isa = PBXFileReference; lastKnownFileType = wrapper.framework; name = Foundation.framework; path = System/Library/Frameworks/Foundation.framework; sourceTree = SDKROOT; };
		263D0C4F1784D31B00DF385D /* CoreGraphics.framework */ = {isa = PBXFileReference; lastKnownFileType = wrapper.framework; name = CoreGraphics.framework; path = System/Library/Frameworks/CoreGraphics.framework; sourceTree = SDKROOT; };
		263D0C531784D31B00DF385D /* Checklists-Info.plist */ = {isa = PBXFileReference; lastKnownFileType = text.plist.xml; path = "Checklists-Info.plist"; sourceTree = "<group>"; };
		263D0C551784D31B00DF385D /* en */ = {isa = PBXFileReference; lastKnownFileType = text.plist.strings; name = en; path = en.lproj/InfoPlist.strings; sourceTree = "<group>"; };
		263D0C571784D31B00DF385D /* main.m */ = {isa = PBXFileReference; lastKnownFileType = sourcecode.c.objc; path = main.m; sourceTree = "<group>"; };
		263D0C591784D31B00DF385D /* Checklists-Prefix.pch */ = {isa = PBXFileReference; lastKnownFileType = sourcecode.c.h; path = "Checklists-Prefix.pch"; sourceTree = "<group>"; };
		263D0C5A1784D31B00DF385D /* ChecklistsAppDelegate.h */ = {isa = PBXFileReference; lastKnownFileType = sourcecode.c.h; path = ChecklistsAppDelegate.h; sourceTree = "<group>"; };
		263D0C5B1784D31B00DF385D /* ChecklistsAppDelegate.m */ = {isa = PBXFileReference; lastKnownFileType = sourcecode.c.objc; path = ChecklistsAppDelegate.m; sourceTree = "<group>"; };
		263D0C5D1784D31B00DF385D /* Default.png */ = {isa = PBXFileReference; lastKnownFileType = image.png; path = Default.png; sourceTree = "<group>"; };
		263D0C5F1784D31B00DF385D /* Default@2x.png */ = {isa = PBXFileReference; lastKnownFileType = image.png; path = "Default@2x.png"; sourceTree = "<group>"; };
		263D0C611784D31B00DF385D /* Default-568h@2x.png */ = {isa = PBXFileReference; lastKnownFileType = image.png; path = "Default-568h@2x.png"; sourceTree = "<group>"; };
		263D0C641784D31B00DF385D /* en */ = {isa = PBXFileReference; lastKnownFileType = file.storyboard; name = en; path = en.lproj/MainStoryboard.storyboard; sourceTree = "<group>"; };
		263D0C661784D31B00DF385D /* ChecklistsViewController.h */ = {isa = PBXFileReference; lastKnownFileType = sourcecode.c.h; path = ChecklistsViewController.h; sourceTree = "<group>"; };
		263D0C671784D31B00DF385D /* ChecklistsViewController.m */ = {isa = PBXFileReference; lastKnownFileType = sourcecode.c.objc; path = ChecklistsViewController.m; sourceTree = "<group>"; };
		263D0C6E1784F2BA00DF385D /* ChecklistItem.h */ = {isa = PBXFileReference; fileEncoding = 4; lastKnownFileType = sourcecode.c.h; path = ChecklistItem.h; sourceTree = "<group>"; };
		263D0C6F1784F2BA00DF385D /* ChecklistItem.m */ = {isa = PBXFileReference; fileEncoding = 4; lastKnownFileType = sourcecode.c.objc; path = ChecklistItem.m; sourceTree = "<group>"; };
		263D0C711785FA9800DF385D /* AddItemViewController.h */ = {isa = PBXFileReference; fileEncoding = 4; lastKnownFileType = sourcecode.c.h; path = AddItemViewController.h; sourceTree = "<group>"; };
		263D0C721785FA9800DF385D /* AddItemViewController.m */ = {isa = PBXFileReference; fileEncoding = 4; lastKnownFileType = sourcecode.c.objc; path = AddItemViewController.m; sourceTree = "<group>"; };
/* End PBXFileReference section */

/* Begin PBXFrameworksBuildPhase section */
		263D0C451784D31B00DF385D /* Frameworks */ = {
			isa = PBXFrameworksBuildPhase;
			buildActionMask = 2147483647;
			files = (
				263D0C4C1784D31B00DF385D /* UIKit.framework in Frameworks */,
				263D0C4E1784D31B00DF385D /* Foundation.framework in Frameworks */,
				263D0C501784D31B00DF385D /* CoreGraphics.framework in Frameworks */,
			);
			runOnlyForDeploymentPostprocessing = 0;
		};
/* End PBXFrameworksBuildPhase section */

/* Begin PBXGroup section */
		263D0C3F1784D31B00DF385D = {
			isa = PBXGroup;
			children = (
				263D0C511784D31B00DF385D /* Checklists */,
				263D0C4A1784D31B00DF385D /* Frameworks */,
				263D0C491784D31B00DF385D /* Products */,
			);
			sourceTree = "<group>";
		};
		263D0C491784D31B00DF385D /* Products */ = {
			isa = PBXGroup;
			children = (
				263D0C481784D31B00DF385D /* Checklists.app */,
			);
			name = Products;
			sourceTree = "<group>";
		};
		263D0C4A1784D31B00DF385D /* Frameworks */ = {
			isa = PBXGroup;
			children = (
				263D0C4B1784D31B00DF385D /* UIKit.framework */,
				263D0C4D1784D31B00DF385D /* Foundation.framework */,
				263D0C4F1784D31B00DF385D /* CoreGraphics.framework */,
			);
			name = Frameworks;
			sourceTree = "<group>";
		};
		263D0C511784D31B00DF385D /* Checklists */ = {
			isa = PBXGroup;
			children = (
				263D0C5A1784D31B00DF385D /* ChecklistsAppDelegate.h */,
				263D0C5B1784D31B00DF385D /* ChecklistsAppDelegate.m */,
				263D0C631784D31B00DF385D /* MainStoryboard.storyboard */,
				263D0C661784D31B00DF385D /* ChecklistsViewController.h */,
				263D0C671784D31B00DF385D /* ChecklistsViewController.m */,
				263D0C6E1784F2BA00DF385D /* ChecklistItem.h */,
				263D0C6F1784F2BA00DF385D /* ChecklistItem.m */,
				263D0C521784D31B00DF385D /* Supporting Files */,
				263D0C711785FA9800DF385D /* AddItemViewController.h */,
				263D0C721785FA9800DF385D /* AddItemViewController.m */,
			);
			path = Checklists;
			sourceTree = "<group>";
		};
		263D0C521784D31B00DF385D /* Supporting Files */ = {
			isa = PBXGroup;
			children = (
				263D0C531784D31B00DF385D /* Checklists-Info.plist */,
				263D0C541784D31B00DF385D /* InfoPlist.strings */,
				263D0C571784D31B00DF385D /* main.m */,
				263D0C591784D31B00DF385D /* Checklists-Prefix.pch */,
				263D0C5D1784D31B00DF385D /* Default.png */,
				263D0C5F1784D31B00DF385D /* Default@2x.png */,
				263D0C611784D31B00DF385D /* Default-568h@2x.png */,
			);
			name = "Supporting Files";
			sourceTree = "<group>";
		};
/* End PBXGroup section */

/* Begin PBXNativeTarget section */
		263D0C471784D31B00DF385D /* Checklists */ = {
			isa = PBXNativeTarget;
			buildConfigurationList = 263D0C6B1784D31B00DF385D /* Build configuration list for PBXNativeTarget "Checklists" */;
			buildPhases = (
				263D0C441784D31B00DF385D /* Sources */,
				263D0C451784D31B00DF385D /* Frameworks */,
				263D0C461784D31B00DF385D /* Resources */,
			);
			buildRules = (
			);
			dependencies = (
			);
			name = Checklists;
			productName = Checklists;
			productReference = 263D0C481784D31B00DF385D /* Checklists.app */;
			productType = "com.apple.product-type.application";
		};
/* End PBXNativeTarget section */

/* Begin PBXProject section */
		263D0C401784D31B00DF385D /* Project object */ = {
			isa = PBXProject;
			attributes = {
				CLASSPREFIX = Checklists;
				LastUpgradeCheck = 0460;
				ORGANIZATIONNAME = "David Wen";
			};
			buildConfigurationList = 263D0C431784D31B00DF385D /* Build configuration list for PBXProject "Checklists" */;
			compatibilityVersion = "Xcode 3.2";
			developmentRegion = English;
			hasScannedForEncodings = 0;
			knownRegions = (
				en,
			);
			mainGroup = 263D0C3F1784D31B00DF385D;
			productRefGroup = 263D0C491784D31B00DF385D /* Products */;
			projectDirPath = "";
			projectRoot = "";
			targets = (
				263D0C471784D31B00DF385D /* Checklists */,
			);
		};
/* End PBXProject section */

/* Begin PBXResourcesBuildPhase section */
		263D0C461784D31B00DF385D /* Resources */ = {
			isa = PBXResourcesBuildPhase;
			buildActionMask = 2147483647;
			files = (
				263D0C561784D31B00DF385D /* InfoPlist.strings in Resources */,
				263D0C5E1784D31B00DF385D /* Default.png in Resources */,
				263D0C601784D31B00DF385D /* Default@2x.png in Resources */,
				263D0C621784D31B00DF385D /* Default-568h@2x.png in Resources */,
				263D0C651784D31B00DF385D /* MainStoryboard.storyboard in Resources */,
			);
			runOnlyForDeploymentPostprocessing = 0;
		};
/* End PBXResourcesBuildPhase section */

/* Begin PBXSourcesBuildPhase section */
		263D0C441784D31B00DF385D /* Sources */ = {
			isa = PBXSourcesBuildPhase;
			buildActionMask = 2147483647;
			files = (
				263D0C581784D31B00DF385D /* main.m in Sources */,
				263D0C5C1784D31B00DF385D /* ChecklistsAppDelegate.m in Sources */,
				263D0C681784D31B00DF385D /* ChecklistsViewController.m in Sources */,
				263D0C701784F2BA00DF385D /* ChecklistItem.m in Sources */,
				263D0C731785FA9900DF385D /* AddItemViewController.m in Sources */,
			);
			runOnlyForDeploymentPostprocessing = 0;
		};
/* End PBXSourcesBuildPhase section */

/* Begin PBXVariantGroup section */
		263D0C541784D31B00DF385D /* InfoPlist.strings */ = {
			isa = PBXVariantGroup;
			children = (
				263D0C551784D31B00DF385D /* en */,
			);
			name = InfoPlist.strings;
			sourceTree = "<group>";
		};
		263D0C631784D31B00DF385D /* MainStoryboard.storyboard */ = {
			isa = PBXVariantGroup;
			children = (
				263D0C641784D31B00DF385D /* en */,
			);
			name = MainStoryboard.storyboard;
			sourceTree = "<group>";
		};
/* End PBXVariantGroup section */

/* Begin XCBuildConfiguration section */
		263D0C691784D31B00DF385D /* Debug */ = {
			isa = XCBuildConfiguration;
			buildSettings = {
				ALWAYS_SEARCH_USER_PATHS = NO;
				CLANG_CXX_LANGUAGE_STANDARD = "gnu++0x";
				CLANG_CXX_LIBRARY = "libc++";
				CLANG_ENABLE_OBJC_ARC = YES;
				CLANG_WARN_CONSTANT_CONVERSION = YES;
				CLANG_WARN_EMPTY_BODY = YES;
				CLANG_WARN_ENUM_CONVERSION = YES;
				CLANG_WARN_INT_CONVERSION = YES;
				CLANG_WARN__DUPLICATE_METHOD_MATCH = YES;
				"CODE_SIGN_IDENTITY[sdk=iphoneos*]" = "iPhone Developer";
				COPY_PHASE_STRIP = NO;
				GCC_C_LANGUAGE_STANDARD = gnu99;
				GCC_DYNAMIC_NO_PIC = NO;
				GCC_OPTIMIZATION_LEVEL = 0;
				GCC_PREPROCESSOR_DEFINITIONS = (
					"DEBUG=1",
					"$(inherited)",
				);
				GCC_SYMBOLS_PRIVATE_EXTERN = NO;
				GCC_WARN_ABOUT_RETURN_TYPE = YES;
				GCC_WARN_UNINITIALIZED_AUTOS = YES;
				GCC_WARN_UNUSED_VARIABLE = YES;
				IPHONEOS_DEPLOYMENT_TARGET = 6.1;
				ONLY_ACTIVE_ARCH = YES;
				SDKROOT = iphoneos;
			};
			name = Debug;
		};
		263D0C6A1784D31B00DF385D /* Release */ = {
			isa = XCBuildConfiguration;
			buildSettings = {
				ALWAYS_SEARCH_USER_PATHS = NO;
				CLANG_CXX_LANGUAGE_STANDARD = "gnu++0x";
				CLANG_CXX_LIBRARY = "libc++";
				CLANG_ENABLE_OBJC_ARC = YES;
				CLANG_WARN_CONSTANT_CONVERSION = YES;
				CLANG_WARN_EMPTY_BODY = YES;
				CLANG_WARN_ENUM_CONVERSION = YES;
				CLANG_WARN_INT_CONVERSION = YES;
				CLANG_WARN__DUPLICATE_METHOD_MATCH = YES;
				"CODE_SIGN_IDENTITY[sdk=iphoneos*]" = "iPhone Developer";
				COPY_PHASE_STRIP = YES;
				GCC_C_LANGUAGE_STANDARD = gnu99;
				GCC_WARN_ABOUT_RETURN_TYPE = YES;
				GCC_WARN_UNINITIALIZED_AUTOS = YES;
				GCC_WARN_UNUSED_VARIABLE = YES;
				IPHONEOS_DEPLOYMENT_TARGET = 6.1;
				OTHER_CFLAGS = "-DNS_BLOCK_ASSERTIONS=1";
				SDKROOT = iphoneos;
				VALIDATE_PRODUCT = YES;
			};
			name = Release;
		};
		263D0C6C1784D31B00DF385D /* Debug */ = {
			isa = XCBuildConfiguration;
			buildSettings = {
				GCC_PRECOMPILE_PREFIX_HEADER = YES;
				GCC_PREFIX_HEADER = "Checklists/Checklists-Prefix.pch";
				INFOPLIST_FILE = "Checklists/Checklists-Info.plist";
				IPHONEOS_DEPLOYMENT_TARGET = 5.0;
				PRODUCT_NAME = "$(TARGET_NAME)";
				TARGETED_DEVICE_FAMILY = 1;
				WRAPPER_EXTENSION = app;
			};
			name = Debug;
		};
		263D0C6D1784D31B00DF385D /* Release */ = {
			isa = XCBuildConfiguration;
			buildSettings = {
				GCC_PRECOMPILE_PREFIX_HEADER = YES;
				GCC_PREFIX_HEADER = "Checklists/Checklists-Prefix.pch";
				INFOPLIST_FILE = "Checklists/Checklists-Info.plist";
				IPHONEOS_DEPLOYMENT_TARGET = 5.0;
				PRODUCT_NAME = "$(TARGET_NAME)";
				TARGETED_DEVICE_FAMILY = 1;
				WRAPPER_EXTENSION = app;
			};
			name = Release;
		};
/* End XCBuildConfiguration section */

/* Begin XCConfigurationList section */
		263D0C431784D31B00DF385D /* Build configuration list for PBXProject "Checklists" */ = {
			isa = XCConfigurationList;
			buildConfigurations = (
				263D0C691784D31B00DF385D /* Debug */,
				263D0C6A1784D31B00DF385D /* Release */,
			);
			defaultConfigurationIsVisible = 0;
			defaultConfigurationName = Release;
		};
		263D0C6B1784D31B00DF385D /* Build configuration list for PBXNativeTarget "Checklists" */ = {
			isa = XCConfigurationList;
			buildConfigurations = (
				263D0C6C1784D31B00DF385D /* Debug */,
				263D0C6D1784D31B00DF385D /* Release */,
			);
			defaultConfigurationIsVisible = 0;
		};
/* End XCConfigurationList section */
	};
	rootObject = 263D0C401784D31B00DF385D /* Project object */;
}
